
Microsoft Visual Studio Solution File, Format Version 12.00
# Visual Studio Version 16
VisualStudioVersion = 25.0.1706.14
MinimumVisualStudioVersion = 10.0.40219.1
Project("{FAE04EC0-301F-11D3-BF4B-00C04F79EFBC}") = "TP_MODUL5_103022300012", "TP_MODUL5_103022300012\TP_MODUL5_103022300012.csproj", "{34321B2C-3A04-48FA-B665-A97F1910D6C0}"
EndProject
Global
	GlobalSection(SolutionConfigurationPlatforms) = preSolution
		Debug|Any CPU = Debug|Any CPU
		Release|Any CPU = Release|Any CPU
	EndGlobalSection
	GlobalSection(ProjectConfigurationPlatforms) = postSolution
		{34321B2C-3A04-48FA-B665-A97F1910D6C0}.Debug|Any CPU.ActiveCfg = Debug|Any CPU
		{34321B2C-3A04-48FA-B665-A97F1910D6C0}.Debug|Any CPU.Build.0 = Debug|Any CPU
		{34321B2C-3A04-48FA-B665-A97F1910D6C0}.Release|Any CPU.ActiveCfg = Release|Any CPU
		{34321B2C-3A04-48FA-B665-A97F1910D6C0}.Release|Any CPU.Build.0 = Release|Any CPU
	EndGlobalSection
	GlobalSection(SolutionProperties) = preSolution
		HideSolutionNode = FALSE
	EndGlobalSection
	GlobalSection(ExtensibilityGlobals) = postSolution
		SolutionGuid = {AC57CD3B-1C69-4D68-A1CA-2DA5763692B0}
	EndGlobalSection
EndGlobal
